<?xml version="1.0" encoding="utf-8"?>
<Project ToolsVersion="4.0" xmlns="http://schemas.microsoft.com/developer/msbuild/2003">
  <ItemGroup>
    <Filter Include="Source Files">
      <UniqueIdentifier>{4FC737F1-C7A5-4376-A066-2A32D752A2FF}</UniqueIdentifier>
      <Extensions>cpp;c;cc;cxx;def;odl;idl;hpj;bat;asm;asmx</Extensions>
    </Filter>
    <Filter Include="Header Files">
      <UniqueIdentifier>{93995380-89BD-4b04-88EB-625FBE52EBFB}</UniqueIdentifier>
      <Extensions>h;hh;hpp;hxx;hm;inl;inc;xsd</Extensions>
    </Filter>
    <Filter Include="Resource Files">
      <UniqueIdentifier>{67DA6AB6-F800-4c08-8B7A-83BB121AAD01}</UniqueIdentifier>
      <Extensions>rc;ico;cur;bmp;dlg;rc2;rct;bin;rgs;gif;jpg;jpeg;jpe;resx;tiff;tif;png;wav;mfcribbon-ms</Extensions>
    </Filter>
    <Filter Include="Container Classes &amp; Patterns Headers">
      <UniqueIdentifier>{cfb49c12-4197-4914-bd7c-d8c897152a65}</UniqueIdentifier>
    </Filter>
    <Filter Include="Container Classes &amp; Patterns Source">
      <UniqueIdentifier>{e6c320dc-198b-4855-8d5d-2ac1ce247b41}</UniqueIdentifier>
    </Filter>
    <Filter Include="States">
      <UniqueIdentifier>{574ea313-0414-4bd5-83db-4af01b493823}</UniqueIdentifier>
    </Filter>
  </ItemGroup>
  <ItemGroup>
    <ClCompile Include="Application2D.cpp">
      <Filter>Source Files</Filter>
    </ClCompile>
    <ClCompile Include="main.cpp">
      <Filter>Source Files</Filter>
    </ClCompile>
    <ClCompile Include="Player.cpp">
      <Filter>Source Files</Filter>
    </ClCompile>
    <ClCompile Include="Rock.cpp">
      <Filter>Source Files</Filter>
    </ClCompile>
    <ClCompile Include="SATbase.cpp">
      <Filter>Source Files</Filter>
    </ClCompile>
    <ClCompile Include="GameObject.cpp">
      <Filter>Source Files</Filter>
    </ClCompile>
    <ClCompile Include="Bullet.cpp">
      <Filter>Source Files</Filter>
    </ClCompile>
    <ClCompile Include="StateMachine.cpp">
      <Filter>Container Classes &amp; Patterns Source</Filter>
    </ClCompile>
    <ClCompile Include="ObjectPool.cpp">
      <Filter>Container Classes &amp; Patterns Source</Filter>
    </ClCompile>
    <ClCompile Include="SplashState.cpp">
      <Filter>States</Filter>
    </ClCompile>
    <ClCompile Include="LoadingState.cpp">
      <Filter>States</Filter>
    </ClCompile>
    <ClCompile Include="LoadingCircle.cpp">
      <Filter>Source Files</Filter>
    </ClCompile>
  </ItemGroup>
  <ItemGroup>
    <ClInclude Include="Application2D.h">
      <Filter>Header Files</Filter>
    </ClInclude>
    <ClInclude Include="Player.h">
      <Filter>Header Files</Filter>
    </ClInclude>
    <ClInclude Include="Rock.h">
      <Filter>Header Files</Filter>
    </ClInclude>
    <ClInclude Include="Collider.h">
      <Filter>Header Files</Filter>
    </ClInclude>
    <ClInclude Include="SATbase.h">
      <Filter>Header Files</Filter>
    </ClInclude>
    <ClInclude Include="GameObject.h">
      <Filter>Header Files</Filter>
    </ClInclude>
    <ClInclude Include="Hit.h">
      <Filter>Header Files</Filter>
    </ClInclude>
    <ClInclude Include="Tag.h">
      <Filter>Header Files</Filter>
    </ClInclude>
    <ClInclude Include="Bullet.h">
      <Filter>Header Files</Filter>
    </ClInclude>
    <ClInclude Include="ObjectPool.h">
      <Filter>Container Classes &amp; Patterns Headers</Filter>
    </ClInclude>
    <ClInclude Include="DynamicArray.h">
      <Filter>Container Classes &amp; Patterns Headers</Filter>
    </ClInclude>
    <ClInclude Include="Game.h">
      <Filter>Container Classes &amp; Patterns Headers</Filter>
    </ClInclude>
    <ClInclude Include="Graph.h">
      <Filter>Container Classes &amp; Patterns Headers</Filter>
    </ClInclude>
    <ClInclude Include="GraphNode.h">
      <Filter>Container Classes &amp; Patterns Headers</Filter>
    </ClInclude>
    <ClInclude Include="Resource.h">
      <Filter>Container Classes &amp; Patterns Headers</Filter>
    </ClInclude>
    <ClInclude Include="ResourceManager.h">
      <Filter>Container Classes &amp; Patterns Headers</Filter>
    </ClInclude>
    <ClInclude Include="Stack.h">
      <Filter>Container Classes &amp; Patterns Headers</Filter>
    </ClInclude>
    <ClInclude Include="State.h">
      <Filter>Container Classes &amp; Patterns Headers</Filter>
    </ClInclude>
    <ClInclude Include="StateMachine.h">
      <Filter>Container Classes &amp; Patterns Headers</Filter>
    </ClInclude>
    <ClInclude Include="LinkedList.h">
      <Filter>Container Classes &amp; Patterns Headers</Filter>
    </ClInclude>
    <ClInclude Include="ListNode.h">
      <Filter>Container Classes &amp; Patterns Headers</Filter>
    </ClInclude>
    <ClInclude Include="SplashState.h">
      <Filter>States</Filter>
    </ClInclude>
    <ClInclude Include="LoadingState.h">
      <Filter>States</Filter>
    </ClInclude>
    <ClInclude Include="LoadingCircle.h">
      <Filter>Header Files</Filter>
    </ClInclude>
  </ItemGroup>
</Project>